{
  "name": "lf_test_zdwx",
  "lockfileVersion": 3,
  "requires": true,
  "packages": {
    "": {
      "dependencies": {
        "jsencrypt": "^3.3.2"
      }
    },
    "node_modules/jsencrypt": {
      "version": "3.3.2",
      "resolved": "https://registry.npmjs.org/jsencrypt/-/jsencrypt-3.3.2.tgz",
      "integrity": "sha512-arQR1R1ESGdAxY7ZheWr12wCaF2yF47v5qpB76TtV64H1pyGudk9Hvw8Y9tb/FiTIaaTRUyaSnm5T/Y53Ghm/A=="
    }
  }
}
